// !$*UTF8*$!
{
	archiveVersion = 1;
	classes = {
	};
	objectVersion = 48;
	objects = {

/* Begin PBXBuildFile section */
		98D7D2BC1F9C118500B8F610 /* AppDelegate.swift in Sources */ = {isa = PBXBuildFile; fileRef = 98D7D2BB1F9C118500B8F610 /* AppDelegate.swift */; };
		98D7D2BE1F9C118500B8F610 /* ViewController.swift in Sources */ = {isa = PBXBuildFile; fileRef = 98D7D2BD1F9C118500B8F610 /* ViewController.swift */; };
		98D7D2C11F9C118500B8F610 /* Main.storyboard in Resources */ = {isa = PBXBuildFile; fileRef = 98D7D2BF1F9C118500B8F610 /* Main.storyboard */; };
		98D7D2C31F9C118500B8F610 /* Assets.xcassets in Resources */ = {isa = PBXBuildFile; fileRef = 98D7D2C21F9C118500B8F610 /* Assets.xcassets */; };
		98D7D2C61F9C118500B8F610 /* LaunchScreen.storyboard in Resources */ = {isa = PBXBuildFile; fileRef = 98D7D2C41F9C118500B8F610 /* LaunchScreen.storyboard */; };
/* End PBXBuildFile section */

/* Begin PBXFileReference section */
		98D7D2B81F9C118500B8F610 /* SpringAndStructs.app */ = {isa = PBXFileReference; explicitFileType = wrapper.application; includeInIndex = 0; path = SpringAndStructs.app; sourceTree = BUILT_PRODUCTS_DIR; };
		98D7D2BB1F9C118500B8F610 /* AppDelegate.swift */ = {isa = PBXFileReference; lastKnownFileType = sourcecode.swift; path = AppDelegate.swift; sourceTree = "<group>"; };
		98D7D2BD1F9C118500B8F610 /* ViewController.swift */ = {isa = PBXFileReference; lastKnownFileType = sourcecode.swift; path = ViewController.swift; sourceTree = "<group>"; };
		98D7D2C01F9C118500B8F610 /* Base */ = {isa = PBXFileReference; lastKnownFileType = file.storyboard; name = Base; path = Base.lproj/Main.storyboard; sourceTree = "<group>"; };
		98D7D2C21F9C118500B8F610 /* Assets.xcassets */ = {isa = PBXFileReference; lastKnownFileType = folder.assetcatalog; path = Assets.xcassets; sourceTree = "<group>"; };
		98D7D2C51F9C118500B8F610 /* Base */ = {isa = PBXFileReference; lastKnownFileType = file.storyboard; name = Base; path = Base.lproj/LaunchScreen.storyboard; sourceTree = "<group>"; };
		98D7D2C71F9C118500B8F610 /* Info.plist */ = {isa = PBXFileReference; lastKnownFileType = text.plist.xml; path = Info.plist; sourceTree = "<group>"; };
/* End PBXFileReference section */

/* Begin PBXFrameworksBuildPhase section */
		98D7D2B51F9C118500B8F610 /* Frameworks */ = {
			isa = PBXFrameworksBuildPhase;
			buildActionMask = 2147483647;
			files = (
			);
			runOnlyForDeploymentPostprocessing = 0;
		};
/* End PBXFrameworksBuildPhase section */

/* Begin PBXGroup section */
		98D7D2AF1F9C118500B8F610 = {
			isa = PBXGroup;
			children = (
				98D7D2BA1F9C118500B8F610 /* SpringAndStructs */,
				98D7D2B91F9C118500B8F610 /* Products */,
			);
			sourceTree = "<group>";
		};
		98D7D2B91F9C118500B8F610 /* Products */ = {
			isa = PBXGroup;
			children = (
				98D7D2B81F9C118500B8F610 /* SpringAndStructs.app */,
			);
			name = Products;
			sourceTree = "<group>";
		};
		98D7D2BA1F9C118500B8F610 /* SpringAndStructs */ = {
			isa = PBXGroup;
			children = (
				98D7D2BB1F9C118500B8F610 /* AppDelegate.swift */,
				98D7D2BD1F9C118500B8F610 /* ViewController.swift */,
				98D7D2BF1F9C118500B8F610 /* Main.storyboard */,
				98D7D2C21F9C118500B8F610 /* Assets.xcassets */,
				98D7D2C41F9C118500B8F610 /* LaunchScreen.storyboard */,
				98D7D2C71F9C118500B8F610 /* Info.plist */,
			);
			path = SpringAndStructs;
			sourceTree = "<group>";
		};
/* End PBXGroup section */

/* Begin PBXNativeTarget section */
		98D7D2B71F9C118500B8F610 /* SpringAndStructs */ = {
			isa = PBXNativeTarget;
			buildConfigurationList = 98D7D2CA1F9C118500B8F610 /* Build configuration list for PBXNativeTarget "SpringAndStructs" */;
			buildPhases = (
				98D7D2B41F9C118500B8F610 /* Sources */,
				98D7D2B51F9C118500B8F610 /* Frameworks */,
				98D7D2B61F9C118500B8F610 /* Resources */,
			);
			buildRules = (
			);
			dependencies = (
			);
			name = SpringAndStructs;
			productName = SpringAndStructs;
			productReference = 98D7D2B81F9C118500B8F610 /* SpringAndStructs.app */;
			productType = "com.apple.product-type.application";
		};
/* End PBXNativeTarget section */

/* Begin PBXProject section */
		98D7D2B01F9C118500B8F610 /* Project object */ = {
			isa = PBXProject;
			attributes = {
				LastSwiftUpdateCheck = 0900;
				LastUpgradeCheck = 0900;
				ORGANIZATIONNAME = "Toby Tang";
				TargetAttributes = {
					98D7D2B71F9C118500B8F610 = {
						CreatedOnToolsVersion = 9.0.1;
						ProvisioningStyle = Automatic;
					};
				};
			};
			buildConfigurationList = 98D7D2B31F9C118500B8F610 /* Build configuration list for PBXProject "SpringAndStructs" */;
			compatibilityVersion = "Xcode 8.0";
			developmentRegion = en;
			hasScannedForEncodings = 0;
			knownRegions = (
				en,
				Base,
			);
			mainGroup = 98D7D2AF1F9C118500B8F610;
			productRefGroup = 98D7D2B91F9C118500B8F610 /* Products */;
			projectDirPath = "";
			projectRoot = "";
			targets = (
				98D7D2B71F9C118500B8F610 /* SpringAndStructs */,
			);
		};
/* End PBXProject section */

/* Begin PBXResourcesBuildPhase section */
		98D7D2B61F9C118500B8F610 /* Resources */ = {
			isa = PBXResourcesBuildPhase;
			buildActionMask = 2147483647;
			files = (
				98D7D2C61F9C118500B8F610 /* LaunchScreen.storyboard in Resources */,
				98D7D2C31F9C118500B8F610 /* Assets.xcassets in Resources */,
				98D7D2C11F9C118500B8F610 /* Main.storyboard in Resources */,
			);
			runOnlyForDeploymentPostprocessing = 0;
		};
/* End PBXResourcesBuildPhase section */

/* Begin PBXSourcesBuildPhase section */
		98D7D2B41F9C118500B8F610 /* Sources */ = {
			isa = PBXSourcesBuildPhase;
			buildActionMask = 2147483647;
			files = (
				98D7D2BE1F9C118500B8F610 /* ViewController.swift in Sources */,
				98D7D2BC1F9C118500B8F610 /* AppDelegate.swift in Sources */,
			);
			runOnlyForDeploymentPostprocessing = 0;
		};
/* End PBXSourcesBuildPhase section */

/* Begin PBXVariantGroup section */
		98D7D2BF1F9C118500B8F610 /* Main.storyboard */ = {
			isa = PBXVariantGroup;
			children = (
				98D7D2C01F9C118500B8F610 /* Base */,
			);
			name = Main.storyboard;
			sourceTree = "<group>";
		};
		98D7D2C41F9C118500B8F610 /* LaunchScreen.storyboard */ = {
			isa = PBXVariantGroup;
			children = (
				98D7D2C51F9C118500B8F610 /* Base */,
			);
			name = LaunchScreen.storyboard;
			sourceTree = "<group>";
		};
/* End PBXVariantGroup section */

/* Begin XCBuildConfiguration section */
		98D7D2C81F9C118500B8F610 /* Debug */ = {
			isa = XCBuildConfiguration;
			buildSettings = {
				ALWAYS_SEARCH_USER_PATHS = NO;
				CLANG_ANALYZER_NONNULL = YES;
				CLANG_ANALYZER_NUMBER_OBJECT_CONVERSION = YES_AGGRESSIVE;
				CLANG_CXX_LANGUAGE_STANDARD = "gnu++14";
				CLANG_CXX_LIBRARY = "libc++";
				CLANG_ENABLE_MODULES = YES;
				CLANG_ENABLE_OBJC_ARC = YES;
				CLANG_WARN_BLOCK_CAPTURE_AUTORELEASING = YES;
				CLANG_WARN_BOOL_CONVERSION = YES;
				CLANG_WARN_COMMA = YES;
				CLANG_WARN_CONSTANT_CONVERSION = YES;
				CLANG_WARN_DIRECT_OBJC_ISA_USAGE = YES_ERROR;
				CLANG_WARN_DOCUMENTATION_COMMENTS = YES;
				CLANG_WARN_EMPTY_BODY = YES;
				CLANG_WARN_ENUM_CONVERSION = YES;
				CLANG_WARN_INFINITE_RECURSION = YES;
				CLANG_WARN_INT_CONVERSION = YES;
				CLANG_WARN_NON_LITERAL_NULL_CONVERSION = YES;
				CLANG_WARN_OBJC_LITERAL_CONVERSION = YES;
				CLANG_WARN_OBJC_ROOT_CLASS = YES_ERROR;
				CLANG_WARN_RANGE_LOOP_ANALYSIS = YES;
				CLANG_WARN_STRICT_PROTOTYPES = YES;
				CLANG_WARN_SUSPICIOUS_MOVE = YES;
				CLANG_WARN_UNGUARDED_AVAILABILITY = YES_AGGRESSIVE;
				CLANG_WARN_UNREACHABLE_CODE = YES;
				CLANG_WARN__DUPLICATE_METHOD_MATCH = YES;
				CODE_SIGN_IDENTITY = "iPhone Developer";
				COPY_PHASE_STRIP = NO;
				DEBUG_INFORMATION_FORMAT = dwarf;
				ENABLE_STRICT_OBJC_MSGSEND = YES;
				ENABLE_TESTABILITY = YES;
				GCC_C_LANGUAGE_STANDARD = gnu11;
				GCC_DYNAMIC_NO_PIC = NO;
				GCC_NO_COMMON_BLOCKS = YES;
				GCC_OPTIMIZATION_LEVEL = 0;
				GCC_PREPROCESSOR_DEFINITIONS = (
					"DEBUG=1",
					"$(inherited)",
				);
				GCC_WARN_64_TO_32_BIT_CONVERSION = YES;
				GCC_WARN_ABOUT_RETURN_TYPE = YES_ERROR;
				GCC_WARN_UNDECLARED_SELECTOR = YES;
				GCC_WARN_UNINITIALIZED_AUTOS = YES_AGGRESSIVE;
				GCC_WARN_UNUSED_FUNCTION = YES;
				GCC_WARN_UNUSED_VARIABLE = YES;
				IPHONEOS_DEPLOYMENT_TARGET = 11.0;
				MTL_ENABLE_DEBUG_INFO = YES;
				ONLY_ACTIVE_ARCH = YES;
				SDKROOT = iphoneos;
				SWIFT_ACTIVE_COMPILATION_CONDITIONS = DEBUG;
				SWIFT_OPTIMIZATION_LEVEL = "-Onone";
			};
			name = Debug;
		};
		98D7D2C91F9C118500B8F610 /* Release */ = {
			isa = XCBuildConfiguration;
			buildSettings = {
				ALWAYS_SEARCH_USER_PATHS = NO;
				CLANG_ANALYZER_NONNULL = YES;
				CLANG_ANALYZER_NUMBER_OBJECT_CONVERSION = YES_AGGRESSIVE;
				CLANG_CXX_LANGUAGE_STANDARD = "gnu++14";
				CLANG_CXX_LIBRARY = "libc++";
				CLANG_ENABLE_MODULES = YES;
				CLANG_ENABLE_OBJC_ARC = YES;
				CLANG_WARN_BLOCK_CAPTURE_AUTORELEASING = YES;
				CLANG_WARN_BOOL_CONVERSION = YES;
				CLANG_WARN_COMMA = YES;
				CLANG_WARN_CONSTANT_CONVERSION = YES;
				CLANG_WARN_DIRECT_OBJC_ISA_USAGE = YES_ERROR;
				CLANG_WARN_DOCUMENTATION_COMMENTS = YES;
				CLANG_WARN_EMPTY_BODY = YES;
				CLANG_WARN_ENUM_CONVERSION = YES;
				CLANG_WARN_INFINITE_RECURSION = YES;
				CLANG_WARN_INT_CONVERSION = YES;
				CLANG_WARN_NON_LITERAL_NULL_CONVERSION = YES;
				CLANG_WARN_OBJC_LITERAL_CONVERSION = YES;
				CLANG_WARN_OBJC_ROOT_CLASS = YES_ERROR;
				CLANG_WARN_RANGE_LOOP_ANALYSIS = YES;
				CLANG_WARN_STRICT_PROTOTYPES = YES;
				CLANG_WARN_SUSPICIOUS_MOVE = YES;
				CLANG_WARN_UNGUARDED_AVAILABILITY = YES_AGGRESSIVE;
				CLANG_WARN_UNREACHABLE_CODE = YES;
				CLANG_WARN__DUPLICATE_METHOD_MATCH = YES;
				CODE_SIGN_IDENTITY = "iPhone Developer";
				COPY_PHASE_STRIP = NO;
				DEBUG_INFORMATION_FORMAT = "dwarf-with-dsym";
				ENABLE_NS_ASSERTIONS = NO;
				ENABLE_STRICT_OBJC_MSGSEND = YES;
				GCC_C_LANGUAGE_STANDARD = gnu11;
				GCC_NO_COMMON_BLOCKS = YES;
				GCC_WARN_64_TO_32_BIT_CONVERSION = YES;
				GCC_WARN_ABOUT_RETURN_TYPE = YES_ERROR;
				GCC_WARN_UNDECLARED_SELECTOR = YES;
				GCC_WARN_UNINITIALIZED_AUTOS = YES_AGGRESSIVE;
				GCC_WARN_UNUSED_FUNCTION = YES;
				GCC_WARN_UNUSED_VARIABLE = YES;
				IPHONEOS_DEPLOYMENT_TARGET = 11.0;
				MTL_ENABLE_DEBUG_INFO = NO;
				SDKROOT = iphoneos;
				SWIFT_OPTIMIZATION_LEVEL = "-Owholemodule";
				VALIDATE_PRODUCT = YES;
			};
			name = Release;
		};
		98D7D2CB1F9C118500B8F610 /* Debug */ = {
			isa = XCBuildConfiguration;
			buildSettings = {
				ASSETCATALOG_COMPILER_APPICON_NAME = AppIcon;
				CODE_SIGN_STYLE = Automatic;
				DEVELOPMENT_TEAM = F5XD6CX74Y;
				INFOPLIST_FILE = SpringAndStructs/Info.plist;
				LD_RUNPATH_SEARCH_PATHS = "$(inherited) @executable_path/Frameworks";
				PRODUCT_BUNDLE_IDENTIFIER = tobytang.SpringAndStructs;
				PRODUCT_NAME = "$(TARGET_NAME)";
				SWIFT_VERSION = 4.0;
				TARGETED_DEVICE_FAMILY = "1,2";
			};
			name = Debug;
		};
		98D7D2CC1F9C118500B8F610 /* Release */ = {
			isa = XCBuildConfiguration;
			buildSettings = {
				ASSETCATALOG_COMPILER_APPICON_NAME = AppIcon;
				CODE_SIGN_STYLE = Automatic;
				DEVELOPMENT_TEAM = F5XD6CX74Y;
				INFOPLIST_FILE = SpringAndStructs/Info.plist;
				LD_RUNPATH_SEARCH_PATHS = "$(inherited) @executable_path/Frameworks";
				PRODUCT_BUNDLE_IDENTIFIER = tobytang.SpringAndStructs;
				PRODUCT_NAME = "$(TARGET_NAME)";
				SWIFT_VERSION = 4.0;
				TARGETED_DEVICE_FAMILY = "1,2";
			};
			name = Release;
		};
/* End XCBuildConfiguration section */

/* Begin XCConfigurationList section */
		98D7D2B31F9C118500B8F610 /* Build configuration list for PBXProject "SpringAndStructs" */ = {
			isa = XCConfigurationList;
			buildConfigurations = (
				98D7D2C81F9C118500B8F610 /* Debug */,
				98D7D2C91F9C118500B8F610 /* Release */,
			);
			defaultConfigurationIsVisible = 0;
			defaultConfigurationName = Release;
		};
		98D7D2CA1F9C118500B8F610 /* Build configuration list for PBXNativeTarget "SpringAndStructs" */ = {
			isa = XCConfigurationList;
			buildConfigurations = (
				98D7D2CB1F9C118500B8F610 /* Debug */,
				98D7D2CC1F9C118500B8F610 /* Release */,
			);
			defaultConfigurationIsVisible = 0;
			defaultConfigurationName = Release;
		};
/* End XCConfigurationList section */
	};
	rootObject = 98D7D2B01F9C118500B8F610 /* Project object */;
}
