// !$*UTF8*$!
{
	archiveVersion = 1;
	classes = {
	};
	objectVersion = 46;
	objects = {

/* Begin PBXBuildFile section */
		9875F9DA1F870D0F00282792 /* AppDelegate.swift in Sources */ = {isa = PBXBuildFile; fileRef = 9875F9D91F870D0F00282792 /* AppDelegate.swift */; };
		9875F9DC1F870D0F00282792 /* ViewController.swift in Sources */ = {isa = PBXBuildFile; fileRef = 9875F9DB1F870D0F00282792 /* ViewController.swift */; };
		9875F9DF1F870D0F00282792 /* Main.storyboard in Resources */ = {isa = PBXBuildFile; fileRef = 9875F9DD1F870D0F00282792 /* Main.storyboard */; };
		9875F9E11F870D0F00282792 /* Assets.xcassets in Resources */ = {isa = PBXBuildFile; fileRef = 9875F9E01F870D0F00282792 /* Assets.xcassets */; };
		9875F9E41F870D0F00282792 /* LaunchScreen.storyboard in Resources */ = {isa = PBXBuildFile; fileRef = 9875F9E21F870D0F00282792 /* LaunchScreen.storyboard */; };
		9875F9EC1F872BD200282792 /* FactProvider.swift in Sources */ = {isa = PBXBuildFile; fileRef = 9875F9EB1F872BD200282792 /* FactProvider.swift */; };
		9875F9EE1F89B69200282792 /* BackgroundColorProvider.swift in Sources */ = {isa = PBXBuildFile; fileRef = 9875F9ED1F89B69200282792 /* BackgroundColorProvider.swift */; };
/* End PBXBuildFile section */

/* Begin PBXFileReference section */
		9875F9D61F870D0F00282792 /* FunFacts.app */ = {isa = PBXFileReference; explicitFileType = wrapper.application; includeInIndex = 0; path = FunFacts.app; sourceTree = BUILT_PRODUCTS_DIR; };
		9875F9D91F870D0F00282792 /* AppDelegate.swift */ = {isa = PBXFileReference; lastKnownFileType = sourcecode.swift; path = AppDelegate.swift; sourceTree = "<group>"; };
		9875F9DB1F870D0F00282792 /* ViewController.swift */ = {isa = PBXFileReference; lastKnownFileType = sourcecode.swift; path = ViewController.swift; sourceTree = "<group>"; };
		9875F9DE1F870D0F00282792 /* Base */ = {isa = PBXFileReference; lastKnownFileType = file.storyboard; name = Base; path = Base.lproj/Main.storyboard; sourceTree = "<group>"; };
		9875F9E01F870D0F00282792 /* Assets.xcassets */ = {isa = PBXFileReference; lastKnownFileType = folder.assetcatalog; path = Assets.xcassets; sourceTree = "<group>"; };
		9875F9E31F870D0F00282792 /* Base */ = {isa = PBXFileReference; lastKnownFileType = file.storyboard; name = Base; path = Base.lproj/LaunchScreen.storyboard; sourceTree = "<group>"; };
		9875F9E51F870D0F00282792 /* Info.plist */ = {isa = PBXFileReference; lastKnownFileType = text.plist.xml; path = Info.plist; sourceTree = "<group>"; };
		9875F9EB1F872BD200282792 /* FactProvider.swift */ = {isa = PBXFileReference; fileEncoding = 4; lastKnownFileType = sourcecode.swift; path = FactProvider.swift; sourceTree = "<group>"; };
		9875F9ED1F89B69200282792 /* BackgroundColorProvider.swift */ = {isa = PBXFileReference; fileEncoding = 4; lastKnownFileType = sourcecode.swift; path = BackgroundColorProvider.swift; sourceTree = "<group>"; };
/* End PBXFileReference section */

/* Begin PBXFrameworksBuildPhase section */
		9875F9D31F870D0F00282792 /* Frameworks */ = {
			isa = PBXFrameworksBuildPhase;
			buildActionMask = 2147483647;
			files = (
			);
			runOnlyForDeploymentPostprocessing = 0;
		};
/* End PBXFrameworksBuildPhase section */

/* Begin PBXGroup section */
		9875F9CD1F870D0F00282792 = {
			isa = PBXGroup;
			children = (
				9875F9D81F870D0F00282792 /* FunFacts */,
				9875F9D71F870D0F00282792 /* Products */,
			);
			sourceTree = "<group>";
		};
		9875F9D71F870D0F00282792 /* Products */ = {
			isa = PBXGroup;
			children = (
				9875F9D61F870D0F00282792 /* FunFacts.app */,
			);
			name = Products;
			sourceTree = "<group>";
		};
		9875F9D81F870D0F00282792 /* FunFacts */ = {
			isa = PBXGroup;
			children = (
				9875F9D91F870D0F00282792 /* AppDelegate.swift */,
				9875F9EB1F872BD200282792 /* FactProvider.swift */,
				9875F9DB1F870D0F00282792 /* ViewController.swift */,
				9875F9DD1F870D0F00282792 /* Main.storyboard */,
				9875F9E01F870D0F00282792 /* Assets.xcassets */,
				9875F9E21F870D0F00282792 /* LaunchScreen.storyboard */,
				9875F9E51F870D0F00282792 /* Info.plist */,
				9875F9ED1F89B69200282792 /* BackgroundColorProvider.swift */,
			);
			path = FunFacts;
			sourceTree = "<group>";
		};
/* End PBXGroup section */

/* Begin PBXNativeTarget section */
		9875F9D51F870D0F00282792 /* FunFacts */ = {
			isa = PBXNativeTarget;
			buildConfigurationList = 9875F9E81F870D0F00282792 /* Build configuration list for PBXNativeTarget "FunFacts" */;
			buildPhases = (
				9875F9D21F870D0F00282792 /* Sources */,
				9875F9D31F870D0F00282792 /* Frameworks */,
				9875F9D41F870D0F00282792 /* Resources */,
			);
			buildRules = (
			);
			dependencies = (
			);
			name = FunFacts;
			productName = FunFacts;
			productReference = 9875F9D61F870D0F00282792 /* FunFacts.app */;
			productType = "com.apple.product-type.application";
		};
/* End PBXNativeTarget section */

/* Begin PBXProject section */
		9875F9CE1F870D0F00282792 /* Project object */ = {
			isa = PBXProject;
			attributes = {
				LastSwiftUpdateCheck = 0830;
				LastUpgradeCheck = 0830;
				ORGANIZATIONNAME = "Toby Tang";
				TargetAttributes = {
					9875F9D51F870D0F00282792 = {
						CreatedOnToolsVersion = 8.3.1;
						DevelopmentTeam = F5XD6CX74Y;
						ProvisioningStyle = Automatic;
					};
				};
			};
			buildConfigurationList = 9875F9D11F870D0F00282792 /* Build configuration list for PBXProject "FunFacts" */;
			compatibilityVersion = "Xcode 3.2";
			developmentRegion = English;
			hasScannedForEncodings = 0;
			knownRegions = (
				en,
				Base,
			);
			mainGroup = 9875F9CD1F870D0F00282792;
			productRefGroup = 9875F9D71F870D0F00282792 /* Products */;
			projectDirPath = "";
			projectRoot = "";
			targets = (
				9875F9D51F870D0F00282792 /* FunFacts */,
			);
		};
/* End PBXProject section */

/* Begin PBXResourcesBuildPhase section */
		9875F9D41F870D0F00282792 /* Resources */ = {
			isa = PBXResourcesBuildPhase;
			buildActionMask = 2147483647;
			files = (
				9875F9E41F870D0F00282792 /* LaunchScreen.storyboard in Resources */,
				9875F9E11F870D0F00282792 /* Assets.xcassets in Resources */,
				9875F9DF1F870D0F00282792 /* Main.storyboard in Resources */,
			);
			runOnlyForDeploymentPostprocessing = 0;
		};
/* End PBXResourcesBuildPhase section */

/* Begin PBXSourcesBuildPhase section */
		9875F9D21F870D0F00282792 /* Sources */ = {
			isa = PBXSourcesBuildPhase;
			buildActionMask = 2147483647;
			files = (
				9875F9DC1F870D0F00282792 /* ViewController.swift in Sources */,
				9875F9DA1F870D0F00282792 /* AppDelegate.swift in Sources */,
				9875F9EE1F89B69200282792 /* BackgroundColorProvider.swift in Sources */,
				9875F9EC1F872BD200282792 /* FactProvider.swift in Sources */,
			);
			runOnlyForDeploymentPostprocessing = 0;
		};
/* End PBXSourcesBuildPhase section */

/* Begin PBXVariantGroup section */
		9875F9DD1F870D0F00282792 /* Main.storyboard */ = {
			isa = PBXVariantGroup;
			children = (
				9875F9DE1F870D0F00282792 /* Base */,
			);
			name = Main.storyboard;
			sourceTree = "<group>";
		};
		9875F9E21F870D0F00282792 /* LaunchScreen.storyboard */ = {
			isa = PBXVariantGroup;
			children = (
				9875F9E31F870D0F00282792 /* Base */,
			);
			name = LaunchScreen.storyboard;
			sourceTree = "<group>";
		};
/* End PBXVariantGroup section */

/* Begin XCBuildConfiguration section */
		9875F9E61F870D0F00282792 /* Debug */ = {
			isa = XCBuildConfiguration;
			buildSettings = {
				ALWAYS_SEARCH_USER_PATHS = NO;
				CLANG_ANALYZER_NONNULL = YES;
				CLANG_ANALYZER_NUMBER_OBJECT_CONVERSION = YES_AGGRESSIVE;
				CLANG_CXX_LANGUAGE_STANDARD = "gnu++0x";
				CLANG_CXX_LIBRARY = "libc++";
				CLANG_ENABLE_MODULES = YES;
				CLANG_ENABLE_OBJC_ARC = YES;
				CLANG_WARN_BOOL_CONVERSION = YES;
				CLANG_WARN_CONSTANT_CONVERSION = YES;
				CLANG_WARN_DIRECT_OBJC_ISA_USAGE = YES_ERROR;
				CLANG_WARN_DOCUMENTATION_COMMENTS = YES;
				CLANG_WARN_EMPTY_BODY = YES;
				CLANG_WARN_ENUM_CONVERSION = YES;
				CLANG_WARN_INFINITE_RECURSION = YES;
				CLANG_WARN_INT_CONVERSION = YES;
				CLANG_WARN_OBJC_ROOT_CLASS = YES_ERROR;
				CLANG_WARN_SUSPICIOUS_MOVE = YES;
				CLANG_WARN_UNREACHABLE_CODE = YES;
				CLANG_WARN__DUPLICATE_METHOD_MATCH = YES;
				"CODE_SIGN_IDENTITY[sdk=iphoneos*]" = "iPhone Developer";
				COPY_PHASE_STRIP = NO;
				DEBUG_INFORMATION_FORMAT = dwarf;
				ENABLE_STRICT_OBJC_MSGSEND = YES;
				ENABLE_TESTABILITY = YES;
				GCC_C_LANGUAGE_STANDARD = gnu99;
				GCC_DYNAMIC_NO_PIC = NO;
				GCC_NO_COMMON_BLOCKS = YES;
				GCC_OPTIMIZATION_LEVEL = 0;
				GCC_PREPROCESSOR_DEFINITIONS = (
					"DEBUG=1",
					"$(inherited)",
				);
				GCC_WARN_64_TO_32_BIT_CONVERSION = YES;
				GCC_WARN_ABOUT_RETURN_TYPE = YES_ERROR;
				GCC_WARN_UNDECLARED_SELECTOR = YES;
				GCC_WARN_UNINITIALIZED_AUTOS = YES_AGGRESSIVE;
				GCC_WARN_UNUSED_FUNCTION = YES;
				GCC_WARN_UNUSED_VARIABLE = YES;
				IPHONEOS_DEPLOYMENT_TARGET = 10.3;
				MTL_ENABLE_DEBUG_INFO = YES;
				ONLY_ACTIVE_ARCH = YES;
				SDKROOT = iphoneos;
				SWIFT_ACTIVE_COMPILATION_CONDITIONS = DEBUG;
				SWIFT_OPTIMIZATION_LEVEL = "-Onone";
			};
			name = Debug;
		};
		9875F9E71F870D0F00282792 /* Release */ = {
			isa = XCBuildConfiguration;
			buildSettings = {
				ALWAYS_SEARCH_USER_PATHS = NO;
				CLANG_ANALYZER_NONNULL = YES;
				CLANG_ANALYZER_NUMBER_OBJECT_CONVERSION = YES_AGGRESSIVE;
				CLANG_CXX_LANGUAGE_STANDARD = "gnu++0x";
				CLANG_CXX_LIBRARY = "libc++";
				CLANG_ENABLE_MODULES = YES;
				CLANG_ENABLE_OBJC_ARC = YES;
				CLANG_WARN_BOOL_CONVERSION = YES;
				CLANG_WARN_CONSTANT_CONVERSION = YES;
				CLANG_WARN_DIRECT_OBJC_ISA_USAGE = YES_ERROR;
				CLANG_WARN_DOCUMENTATION_COMMENTS = YES;
				CLANG_WARN_EMPTY_BODY = YES;
				CLANG_WARN_ENUM_CONVERSION = YES;
				CLANG_WARN_INFINITE_RECURSION = YES;
				CLANG_WARN_INT_CONVERSION = YES;
				CLANG_WARN_OBJC_ROOT_CLASS = YES_ERROR;
				CLANG_WARN_SUSPICIOUS_MOVE = YES;
				CLANG_WARN_UNREACHABLE_CODE = YES;
				CLANG_WARN__DUPLICATE_METHOD_MATCH = YES;
				"CODE_SIGN_IDENTITY[sdk=iphoneos*]" = "iPhone Developer";
				COPY_PHASE_STRIP = NO;
				DEBUG_INFORMATION_FORMAT = "dwarf-with-dsym";
				ENABLE_NS_ASSERTIONS = NO;
				ENABLE_STRICT_OBJC_MSGSEND = YES;
				GCC_C_LANGUAGE_STANDARD = gnu99;
				GCC_NO_COMMON_BLOCKS = YES;
				GCC_WARN_64_TO_32_BIT_CONVERSION = YES;
				GCC_WARN_ABOUT_RETURN_TYPE = YES_ERROR;
				GCC_WARN_UNDECLARED_SELECTOR = YES;
				GCC_WARN_UNINITIALIZED_AUTOS = YES_AGGRESSIVE;
				GCC_WARN_UNUSED_FUNCTION = YES;
				GCC_WARN_UNUSED_VARIABLE = YES;
				IPHONEOS_DEPLOYMENT_TARGET = 10.3;
				MTL_ENABLE_DEBUG_INFO = NO;
				SDKROOT = iphoneos;
				SWIFT_OPTIMIZATION_LEVEL = "-Owholemodule";
				VALIDATE_PRODUCT = YES;
			};
			name = Release;
		};
		9875F9E91F870D0F00282792 /* Debug */ = {
			isa = XCBuildConfiguration;
			buildSettings = {
				ASSETCATALOG_COMPILER_APPICON_NAME = AppIcon;
				DEVELOPMENT_TEAM = F5XD6CX74Y;
				INFOPLIST_FILE = FunFacts/Info.plist;
				IPHONEOS_DEPLOYMENT_TARGET = 11.0;
				LD_RUNPATH_SEARCH_PATHS = "$(inherited) @executable_path/Frameworks";
				PRODUCT_BUNDLE_IDENTIFIER = com.tobytang.FunFacts;
				PRODUCT_NAME = "$(TARGET_NAME)";
				SWIFT_VERSION = 3.0;
				TARGETED_DEVICE_FAMILY = "1,2";
			};
			name = Debug;
		};
		9875F9EA1F870D0F00282792 /* Release */ = {
			isa = XCBuildConfiguration;
			buildSettings = {
				ASSETCATALOG_COMPILER_APPICON_NAME = AppIcon;
				DEVELOPMENT_TEAM = F5XD6CX74Y;
				INFOPLIST_FILE = FunFacts/Info.plist;
				IPHONEOS_DEPLOYMENT_TARGET = 11.0;
				LD_RUNPATH_SEARCH_PATHS = "$(inherited) @executable_path/Frameworks";
				PRODUCT_BUNDLE_IDENTIFIER = com.tobytang.FunFacts;
				PRODUCT_NAME = "$(TARGET_NAME)";
				SWIFT_VERSION = 3.0;
				TARGETED_DEVICE_FAMILY = "1,2";
			};
			name = Release;
		};
/* End XCBuildConfiguration section */

/* Begin XCConfigurationList section */
		9875F9D11F870D0F00282792 /* Build configuration list for PBXProject "FunFacts" */ = {
			isa = XCConfigurationList;
			buildConfigurations = (
				9875F9E61F870D0F00282792 /* Debug */,
				9875F9E71F870D0F00282792 /* Release */,
			);
			defaultConfigurationIsVisible = 0;
			defaultConfigurationName = Release;
		};
		9875F9E81F870D0F00282792 /* Build configuration list for PBXNativeTarget "FunFacts" */ = {
			isa = XCConfigurationList;
			buildConfigurations = (
				9875F9E91F870D0F00282792 /* Debug */,
				9875F9EA1F870D0F00282792 /* Release */,
			);
			defaultConfigurationIsVisible = 0;
			defaultConfigurationName = Release;
		};
/* End XCConfigurationList section */
	};
	rootObject = 9875F9CE1F870D0F00282792 /* Project object */;
}
